// !$*UTF8*$!
{
	archiveVersion = 1;
	classes = {
	};
	objectVersion = 56;
	objects = {

/* Begin PBXBuildFile section */
		5A22D5A829EFC0F70014D300 /* Screen3.swift in Sources */ = {isa = PBXBuildFile; fileRef = 5A22D5A529EFC0F70014D300 /* Screen3.swift */; };
		5A22D5A929EFC0F70014D300 /* Screen2.swift in Sources */ = {isa = PBXBuildFile; fileRef = 5A22D5A629EFC0F70014D300 /* Screen2.swift */; };
		5A22D5AA29EFC0F70014D300 /* Screen1.swift in Sources */ = {isa = PBXBuildFile; fileRef = 5A22D5A729EFC0F70014D300 /* Screen1.swift */; };
		5A4DAFAB29E86CC400D9FC4B /* MainView.swift in Sources */ = {isa = PBXBuildFile; fileRef = 5A4DAFAA29E86CC400D9FC4B /* MainView.swift */; };
		5A4DAFAD29E86E1700D9FC4B /* InfixtoPostfix.swift in Sources */ = {isa = PBXBuildFile; fileRef = 5A4DAFAC29E86E1600D9FC4B /* InfixtoPostfix.swift */; };
		5A8A497C29E9AD59003445A8 /* Modal.swift in Sources */ = {isa = PBXBuildFile; fileRef = 5A8A497B29E9AD59003445A8 /* Modal.swift */; };
		5A8A497E29E9AD91003445A8 /* ExitModal.swift in Sources */ = {isa = PBXBuildFile; fileRef = 5A8A497D29E9AD91003445A8 /* ExitModal.swift */; };
		8E0E488B29E7F44A00B4A6DC /* GuideOne.swift in Sources */ = {isa = PBXBuildFile; fileRef = 8E0E488829E7F44A00B4A6DC /* GuideOne.swift */; };
		8E0E488C29E7F44A00B4A6DC /* GuideTwo.swift in Sources */ = {isa = PBXBuildFile; fileRef = 8E0E488929E7F44A00B4A6DC /* GuideTwo.swift */; };
		8E0E488D29E7F44A00B4A6DC /* GuideThree.swift in Sources */ = {isa = PBXBuildFile; fileRef = 8E0E488A29E7F44A00B4A6DC /* GuideThree.swift */; };
		8E0E488F29E7FDC900B4A6DC /* Guidance.swift in Sources */ = {isa = PBXBuildFile; fileRef = 8E0E488E29E7FDC900B4A6DC /* Guidance.swift */; };
		8E7DE7A529D7CDFD006D077D /* homeApp.swift in Sources */ = {isa = PBXBuildFile; fileRef = 8E7DE7A429D7CDFD006D077D /* homeApp.swift */; };
		8E7DE7A729D7CDFD006D077D /* ContentView.swift in Sources */ = {isa = PBXBuildFile; fileRef = 8E7DE7A629D7CDFD006D077D /* ContentView.swift */; };
		8E7DE7A929D7CDFD006D077D /* Assets.xcassets in Resources */ = {isa = PBXBuildFile; fileRef = 8E7DE7A829D7CDFD006D077D /* Assets.xcassets */; };
		8E7DE7AC29D7CDFD006D077D /* Preview Assets.xcassets in Resources */ = {isa = PBXBuildFile; fileRef = 8E7DE7AB29D7CDFD006D077D /* Preview Assets.xcassets */; };
/* End PBXBuildFile section */

/* Begin PBXFileReference section */
		5A22D5A529EFC0F70014D300 /* Screen3.swift */ = {isa = PBXFileReference; fileEncoding = 4; lastKnownFileType = sourcecode.swift; path = Screen3.swift; sourceTree = "<group>"; };
		5A22D5A629EFC0F70014D300 /* Screen2.swift */ = {isa = PBXFileReference; fileEncoding = 4; lastKnownFileType = sourcecode.swift; path = Screen2.swift; sourceTree = "<group>"; };
		5A22D5A729EFC0F70014D300 /* Screen1.swift */ = {isa = PBXFileReference; fileEncoding = 4; lastKnownFileType = sourcecode.swift; path = Screen1.swift; sourceTree = "<group>"; };
		5A4DAFAA29E86CC400D9FC4B /* MainView.swift */ = {isa = PBXFileReference; lastKnownFileType = sourcecode.swift; path = MainView.swift; sourceTree = "<group>"; };
		5A4DAFAC29E86E1600D9FC4B /* InfixtoPostfix.swift */ = {isa = PBXFileReference; fileEncoding = 4; lastKnownFileType = sourcecode.swift; path = InfixtoPostfix.swift; sourceTree = "<group>"; };
		5A8A497B29E9AD59003445A8 /* Modal.swift */ = {isa = PBXFileReference; lastKnownFileType = sourcecode.swift; path = Modal.swift; sourceTree = "<group>"; };
		5A8A497D29E9AD91003445A8 /* ExitModal.swift */ = {isa = PBXFileReference; lastKnownFileType = sourcecode.swift; path = ExitModal.swift; sourceTree = "<group>"; };
		8E0E488829E7F44A00B4A6DC /* GuideOne.swift */ = {isa = PBXFileReference; fileEncoding = 4; lastKnownFileType = sourcecode.swift; path = GuideOne.swift; sourceTree = "<group>"; };
		8E0E488929E7F44A00B4A6DC /* GuideTwo.swift */ = {isa = PBXFileReference; fileEncoding = 4; lastKnownFileType = sourcecode.swift; path = GuideTwo.swift; sourceTree = "<group>"; };
		8E0E488A29E7F44A00B4A6DC /* GuideThree.swift */ = {isa = PBXFileReference; fileEncoding = 4; lastKnownFileType = sourcecode.swift; path = GuideThree.swift; sourceTree = "<group>"; };
		8E0E488E29E7FDC900B4A6DC /* Guidance.swift */ = {isa = PBXFileReference; lastKnownFileType = sourcecode.swift; path = Guidance.swift; sourceTree = "<group>"; };
		8E7DE7A129D7CDFD006D077D /* home.app */ = {isa = PBXFileReference; explicitFileType = wrapper.application; includeInIndex = 0; path = home.app; sourceTree = BUILT_PRODUCTS_DIR; };
		8E7DE7A429D7CDFD006D077D /* homeApp.swift */ = {isa = PBXFileReference; lastKnownFileType = sourcecode.swift; path = homeApp.swift; sourceTree = "<group>"; };
		8E7DE7A629D7CDFD006D077D /* ContentView.swift */ = {isa = PBXFileReference; lastKnownFileType = sourcecode.swift; path = ContentView.swift; sourceTree = "<group>"; };
		8E7DE7A829D7CDFD006D077D /* Assets.xcassets */ = {isa = PBXFileReference; lastKnownFileType = folder.assetcatalog; path = Assets.xcassets; sourceTree = "<group>"; };
		8E7DE7AB29D7CDFD006D077D /* Preview Assets.xcassets */ = {isa = PBXFileReference; lastKnownFileType = folder.assetcatalog; path = "Preview Assets.xcassets"; sourceTree = "<group>"; };
/* End PBXFileReference section */

/* Begin PBXFrameworksBuildPhase section */
		8E7DE79E29D7CDFD006D077D /* Frameworks */ = {
			isa = PBXFrameworksBuildPhase;
			buildActionMask = 2147483647;
			files = (
			);
			runOnlyForDeploymentPostprocessing = 0;
		};
/* End PBXFrameworksBuildPhase section */

/* Begin PBXGroup section */
		8E7DE79829D7CDFD006D077D = {
			isa = PBXGroup;
			children = (
				8E7DE7A329D7CDFD006D077D /* home */,
				8E7DE7A229D7CDFD006D077D /* Products */,
			);
			sourceTree = "<group>";
		};
		8E7DE7A229D7CDFD006D077D /* Products */ = {
			isa = PBXGroup;
			children = (
				8E7DE7A129D7CDFD006D077D /* home.app */,
			);
			name = Products;
			sourceTree = "<group>";
		};
		8E7DE7A329D7CDFD006D077D /* home */ = {
			isa = PBXGroup;
			children = (
				8E7DE7A429D7CDFD006D077D /* homeApp.swift */,
				8E7DE7A629D7CDFD006D077D /* ContentView.swift */,
				8E0E488E29E7FDC900B4A6DC /* Guidance.swift */,
				8E0E488829E7F44A00B4A6DC /* GuideOne.swift */,
				8E0E488A29E7F44A00B4A6DC /* GuideThree.swift */,
				8E0E488929E7F44A00B4A6DC /* GuideTwo.swift */,
				5A4DAFAA29E86CC400D9FC4B /* MainView.swift */,
				5A4DAFAC29E86E1600D9FC4B /* InfixtoPostfix.swift */,
				8E7DE7A829D7CDFD006D077D /* Assets.xcassets */,
				8E7DE7AA29D7CDFD006D077D /* Preview Content */,
				5A8A497B29E9AD59003445A8 /* Modal.swift */,
				5A8A497D29E9AD91003445A8 /* ExitModal.swift */,
				5A22D5A729EFC0F70014D300 /* Screen1.swift */,
				5A22D5A629EFC0F70014D300 /* Screen2.swift */,
				5A22D5A529EFC0F70014D300 /* Screen3.swift */,
			);
			path = home;
			sourceTree = "<group>";
		};
		8E7DE7AA29D7CDFD006D077D /* Preview Content */ = {
			isa = PBXGroup;
			children = (
				8E7DE7AB29D7CDFD006D077D /* Preview Assets.xcassets */,
			);
			path = "Preview Content";
			sourceTree = "<group>";
		};
/* End PBXGroup section */

/* Begin PBXNativeTarget section */
		8E7DE7A029D7CDFD006D077D /* home */ = {
			isa = PBXNativeTarget;
			buildConfigurationList = 8E7DE7AF29D7CDFD006D077D /* Build configuration list for PBXNativeTarget "home" */;
			buildPhases = (
				8E7DE79D29D7CDFD006D077D /* Sources */,
				8E7DE79E29D7CDFD006D077D /* Frameworks */,
				8E7DE79F29D7CDFD006D077D /* Resources */,
			);
			buildRules = (
			);
			dependencies = (
			);
			name = home;
			productName = home;
			productReference = 8E7DE7A129D7CDFD006D077D /* home.app */;
			productType = "com.apple.product-type.application";
		};
/* End PBXNativeTarget section */

/* Begin PBXProject section */
		8E7DE79929D7CDFD006D077D /* Project object */ = {
			isa = PBXProject;
			attributes = {
				BuildIndependentTargetsInParallel = 1;
				LastSwiftUpdateCheck = 1420;
				LastUpgradeCheck = 1420;
				TargetAttributes = {
					8E7DE7A029D7CDFD006D077D = {
						CreatedOnToolsVersion = 14.2;
					};
				};
			};
			buildConfigurationList = 8E7DE79C29D7CDFD006D077D /* Build configuration list for PBXProject "home" */;
			compatibilityVersion = "Xcode 14.0";
			developmentRegion = en;
			hasScannedForEncodings = 0;
			knownRegions = (
				en,
				Base,
			);
			mainGroup = 8E7DE79829D7CDFD006D077D;
			productRefGroup = 8E7DE7A229D7CDFD006D077D /* Products */;
			projectDirPath = "";
			projectRoot = "";
			targets = (
				8E7DE7A029D7CDFD006D077D /* home */,
			);
		};
/* End PBXProject section */

/* Begin PBXResourcesBuildPhase section */
		8E7DE79F29D7CDFD006D077D /* Resources */ = {
			isa = PBXResourcesBuildPhase;
			buildActionMask = 2147483647;
			files = (
				8E7DE7AC29D7CDFD006D077D /* Preview Assets.xcassets in Resources */,
				8E7DE7A929D7CDFD006D077D /* Assets.xcassets in Resources */,
			);
			runOnlyForDeploymentPostprocessing = 0;
		};
/* End PBXResourcesBuildPhase section */

/* Begin PBXSourcesBuildPhase section */
		8E7DE79D29D7CDFD006D077D /* Sources */ = {
			isa = PBXSourcesBuildPhase;
			buildActionMask = 2147483647;
			files = (
				8E7DE7A729D7CDFD006D077D /* ContentView.swift in Sources */,
				5A4DAFAB29E86CC400D9FC4B /* MainView.swift in Sources */,
				8E0E488F29E7FDC900B4A6DC /* Guidance.swift in Sources */,
				5A22D5A829EFC0F70014D300 /* Screen3.swift in Sources */,
				8E0E488C29E7F44A00B4A6DC /* GuideTwo.swift in Sources */,
				8E7DE7A529D7CDFD006D077D /* homeApp.swift in Sources */,
				5A8A497E29E9AD91003445A8 /* ExitModal.swift in Sources */,
				5A4DAFAD29E86E1700D9FC4B /* InfixtoPostfix.swift in Sources */,
				8E0E488D29E7F44A00B4A6DC /* GuideThree.swift in Sources */,
				5A22D5A929EFC0F70014D300 /* Screen2.swift in Sources */,
				8E0E488B29E7F44A00B4A6DC /* GuideOne.swift in Sources */,
				5A8A497C29E9AD59003445A8 /* Modal.swift in Sources */,
				5A22D5AA29EFC0F70014D300 /* Screen1.swift in Sources */,
			);
			runOnlyForDeploymentPostprocessing = 0;
		};
/* End PBXSourcesBuildPhase section */

/* Begin XCBuildConfiguration section */
		8E7DE7AD29D7CDFD006D077D /* Debug */ = {
			isa = XCBuildConfiguration;
			buildSettings = {
				ALWAYS_SEARCH_USER_PATHS = NO;
				CLANG_ANALYZER_NONNULL = YES;
				CLANG_ANALYZER_NUMBER_OBJECT_CONVERSION = YES_AGGRESSIVE;
				CLANG_CXX_LANGUAGE_STANDARD = "gnu++20";
				CLANG_ENABLE_MODULES = YES;
				CLANG_ENABLE_OBJC_ARC = YES;
				CLANG_ENABLE_OBJC_WEAK = YES;
				CLANG_WARN_BLOCK_CAPTURE_AUTORELEASING = YES;
				CLANG_WARN_BOOL_CONVERSION = YES;
				CLANG_WARN_COMMA = YES;
				CLANG_WARN_CONSTANT_CONVERSION = YES;
				CLANG_WARN_DEPRECATED_OBJC_IMPLEMENTATIONS = YES;
				CLANG_WARN_DIRECT_OBJC_ISA_USAGE = YES_ERROR;
				CLANG_WARN_DOCUMENTATION_COMMENTS = YES;
				CLANG_WARN_EMPTY_BODY = YES;
				CLANG_WARN_ENUM_CONVERSION = YES;
				CLANG_WARN_INFINITE_RECURSION = YES;
				CLANG_WARN_INT_CONVERSION = YES;
				CLANG_WARN_NON_LITERAL_NULL_CONVERSION = YES;
				CLANG_WARN_OBJC_IMPLICIT_RETAIN_SELF = YES;
				CLANG_WARN_OBJC_LITERAL_CONVERSION = YES;
				CLANG_WARN_OBJC_ROOT_CLASS = YES_ERROR;
				CLANG_WARN_QUOTED_INCLUDE_IN_FRAMEWORK_HEADER = YES;
				CLANG_WARN_RANGE_LOOP_ANALYSIS = YES;
				CLANG_WARN_STRICT_PROTOTYPES = YES;
				CLANG_WARN_SUSPICIOUS_MOVE = YES;
				CLANG_WARN_UNGUARDED_AVAILABILITY = YES_AGGRESSIVE;
				CLANG_WARN_UNREACHABLE_CODE = YES;
				CLANG_WARN__DUPLICATE_METHOD_MATCH = YES;
				COPY_PHASE_STRIP = NO;
				DEBUG_INFORMATION_FORMAT = dwarf;
				ENABLE_STRICT_OBJC_MSGSEND = YES;
				ENABLE_TESTABILITY = YES;
				GCC_C_LANGUAGE_STANDARD = gnu11;
				GCC_DYNAMIC_NO_PIC = NO;
				GCC_NO_COMMON_BLOCKS = YES;
				GCC_OPTIMIZATION_LEVEL = 0;
				GCC_PREPROCESSOR_DEFINITIONS = (
					"DEBUG=1",
					"$(inherited)",
				);
				GCC_WARN_64_TO_32_BIT_CONVERSION = YES;
				GCC_WARN_ABOUT_RETURN_TYPE = YES_ERROR;
				GCC_WARN_UNDECLARED_SELECTOR = YES;
				GCC_WARN_UNINITIALIZED_AUTOS = YES_AGGRESSIVE;
				GCC_WARN_UNUSED_FUNCTION = YES;
				GCC_WARN_UNUSED_VARIABLE = YES;
				IPHONEOS_DEPLOYMENT_TARGET = 16.2;
				MTL_ENABLE_DEBUG_INFO = INCLUDE_SOURCE;
				MTL_FAST_MATH = YES;
				ONLY_ACTIVE_ARCH = YES;
				SDKROOT = iphoneos;
				SWIFT_ACTIVE_COMPILATION_CONDITIONS = DEBUG;
				SWIFT_OPTIMIZATION_LEVEL = "-Onone";
			};
			name = Debug;
		};
		8E7DE7AE29D7CDFD006D077D /* Release */ = {
			isa = XCBuildConfiguration;
			buildSettings = {
				ALWAYS_SEARCH_USER_PATHS = NO;
				CLANG_ANALYZER_NONNULL = YES;
				CLANG_ANALYZER_NUMBER_OBJECT_CONVERSION = YES_AGGRESSIVE;
				CLANG_CXX_LANGUAGE_STANDARD = "gnu++20";
				CLANG_ENABLE_MODULES = YES;
				CLANG_ENABLE_OBJC_ARC = YES;
				CLANG_ENABLE_OBJC_WEAK = YES;
				CLANG_WARN_BLOCK_CAPTURE_AUTORELEASING = YES;
				CLANG_WARN_BOOL_CONVERSION = YES;
				CLANG_WARN_COMMA = YES;
				CLANG_WARN_CONSTANT_CONVERSION = YES;
				CLANG_WARN_DEPRECATED_OBJC_IMPLEMENTATIONS = YES;
				CLANG_WARN_DIRECT_OBJC_ISA_USAGE = YES_ERROR;
				CLANG_WARN_DOCUMENTATION_COMMENTS = YES;
				CLANG_WARN_EMPTY_BODY = YES;
				CLANG_WARN_ENUM_CONVERSION = YES;
				CLANG_WARN_INFINITE_RECURSION = YES;
				CLANG_WARN_INT_CONVERSION = YES;
				CLANG_WARN_NON_LITERAL_NULL_CONVERSION = YES;
				CLANG_WARN_OBJC_IMPLICIT_RETAIN_SELF = YES;
				CLANG_WARN_OBJC_LITERAL_CONVERSION = YES;
				CLANG_WARN_OBJC_ROOT_CLASS = YES_ERROR;
				CLANG_WARN_QUOTED_INCLUDE_IN_FRAMEWORK_HEADER = YES;
				CLANG_WARN_RANGE_LOOP_ANALYSIS = YES;
				CLANG_WARN_STRICT_PROTOTYPES = YES;
				CLANG_WARN_SUSPICIOUS_MOVE = YES;
				CLANG_WARN_UNGUARDED_AVAILABILITY = YES_AGGRESSIVE;
				CLANG_WARN_UNREACHABLE_CODE = YES;
				CLANG_WARN__DUPLICATE_METHOD_MATCH = YES;
				COPY_PHASE_STRIP = NO;
				DEBUG_INFORMATION_FORMAT = "dwarf-with-dsym";
				ENABLE_NS_ASSERTIONS = NO;
				ENABLE_STRICT_OBJC_MSGSEND = YES;
				GCC_C_LANGUAGE_STANDARD = gnu11;
				GCC_NO_COMMON_BLOCKS = YES;
				GCC_WARN_64_TO_32_BIT_CONVERSION = YES;
				GCC_WARN_ABOUT_RETURN_TYPE = YES_ERROR;
				GCC_WARN_UNDECLARED_SELECTOR = YES;
				GCC_WARN_UNINITIALIZED_AUTOS = YES_AGGRESSIVE;
				GCC_WARN_UNUSED_FUNCTION = YES;
				GCC_WARN_UNUSED_VARIABLE = YES;
				IPHONEOS_DEPLOYMENT_TARGET = 16.2;
				MTL_ENABLE_DEBUG_INFO = NO;
				MTL_FAST_MATH = YES;
				SDKROOT = iphoneos;
				SWIFT_COMPILATION_MODE = wholemodule;
				SWIFT_OPTIMIZATION_LEVEL = "-O";
				VALIDATE_PRODUCT = YES;
			};
			name = Release;
		};
		8E7DE7B029D7CDFD006D077D /* Debug */ = {
			isa = XCBuildConfiguration;
			buildSettings = {
				ASSETCATALOG_COMPILER_APPICON_NAME = AppIcon;
				ASSETCATALOG_COMPILER_GLOBAL_ACCENT_COLOR_NAME = AccentColor;
				CODE_SIGN_STYLE = Automatic;
				CURRENT_PROJECT_VERSION = 1;
				DEVELOPMENT_ASSET_PATHS = "\"home/Preview Content\"";
				ENABLE_PREVIEWS = YES;
				GENERATE_INFOPLIST_FILE = YES;
				INFOPLIST_KEY_UIApplicationSceneManifest_Generation = YES;
				INFOPLIST_KEY_UIApplicationSupportsIndirectInputEvents = YES;
				INFOPLIST_KEY_UILaunchScreen_Generation = YES;
				INFOPLIST_KEY_UISupportedInterfaceOrientations_iPad = "UIInterfaceOrientationPortrait UIInterfaceOrientationPortraitUpsideDown UIInterfaceOrientationLandscapeLeft UIInterfaceOrientationLandscapeRight";
				INFOPLIST_KEY_UISupportedInterfaceOrientations_iPhone = "UIInterfaceOrientationPortrait UIInterfaceOrientationLandscapeLeft UIInterfaceOrientationLandscapeRight";
				LD_RUNPATH_SEARCH_PATHS = (
					"$(inherited)",
					"@executable_path/Frameworks",
				);
				MARKETING_VERSION = 1.0;
				PRODUCT_BUNDLE_IDENTIFIER = adinda.com.home;
				PRODUCT_NAME = "$(TARGET_NAME)";
				SWIFT_EMIT_LOC_STRINGS = YES;
				SWIFT_VERSION = 5.0;
				TARGETED_DEVICE_FAMILY = "1,2";
			};
			name = Debug;
		};
		8E7DE7B129D7CDFD006D077D /* Release */ = {
			isa = XCBuildConfiguration;
			buildSettings = {
				ASSETCATALOG_COMPILER_APPICON_NAME = AppIcon;
				ASSETCATALOG_COMPILER_GLOBAL_ACCENT_COLOR_NAME = AccentColor;
				CODE_SIGN_STYLE = Automatic;
				CURRENT_PROJECT_VERSION = 1;
				DEVELOPMENT_ASSET_PATHS = "\"home/Preview Content\"";
				ENABLE_PREVIEWS = YES;
				GENERATE_INFOPLIST_FILE = YES;
				INFOPLIST_KEY_UIApplicationSceneManifest_Generation = YES;
				INFOPLIST_KEY_UIApplicationSupportsIndirectInputEvents = YES;
				INFOPLIST_KEY_UILaunchScreen_Generation = YES;
				INFOPLIST_KEY_UISupportedInterfaceOrientations_iPad = "UIInterfaceOrientationPortrait UIInterfaceOrientationPortraitUpsideDown UIInterfaceOrientationLandscapeLeft UIInterfaceOrientationLandscapeRight";
				INFOPLIST_KEY_UISupportedInterfaceOrientations_iPhone = "UIInterfaceOrientationPortrait UIInterfaceOrientationLandscapeLeft UIInterfaceOrientationLandscapeRight";
				LD_RUNPATH_SEARCH_PATHS = (
					"$(inherited)",
					"@executable_path/Frameworks",
				);
				MARKETING_VERSION = 1.0;
				PRODUCT_BUNDLE_IDENTIFIER = adinda.com.home;
				PRODUCT_NAME = "$(TARGET_NAME)";
				SWIFT_EMIT_LOC_STRINGS = YES;
				SWIFT_VERSION = 5.0;
				TARGETED_DEVICE_FAMILY = "1,2";
			};
			name = Release;
		};
/* End XCBuildConfiguration section */

/* Begin XCConfigurationList section */
		8E7DE79C29D7CDFD006D077D /* Build configuration list for PBXProject "home" */ = {
			isa = XCConfigurationList;
			buildConfigurations = (
				8E7DE7AD29D7CDFD006D077D /* Debug */,
				8E7DE7AE29D7CDFD006D077D /* Release */,
			);
			defaultConfigurationIsVisible = 0;
			defaultConfigurationName = Release;
		};
		8E7DE7AF29D7CDFD006D077D /* Build configuration list for PBXNativeTarget "home" */ = {
			isa = XCConfigurationList;
			buildConfigurations = (
				8E7DE7B029D7CDFD006D077D /* Debug */,
				8E7DE7B129D7CDFD006D077D /* Release */,
			);
			defaultConfigurationIsVisible = 0;
			defaultConfigurationName = Release;
		};
/* End XCConfigurationList section */
	};
	rootObject = 8E7DE79929D7CDFD006D077D /* Project object */;
}
